
Microsoft Visual Studio Solution File, Format Version 12.00
# Visual Studio Version 17
VisualStudioVersion = 17.7.34202.233
MinimumVisualStudioVersion = 10.0.40219.1
Project("{FAE04EC0-301F-11D3-BF4B-00C04F79EFBC}") = "Diana", "Diana.csproj", "{FB9002D3-4A13-4C10-B041-3F2C142FCB7F}"
EndProject
Global
	GlobalSection(SolutionConfigurationPlatforms) = preSolution
		Debug|Any CPU = Debug|Any CPU
		Release|Any CPU = Release|Any CPU
	EndGlobalSection
	GlobalSection(ProjectConfigurationPlatforms) = postSolution
		{FB9002D3-4A13-4C10-B041-3F2C142FCB7F}.Debug|Any CPU.ActiveCfg = Debug|Any CPU
		{FB9002D3-4A13-4C10-B041-3F2C142FCB7F}.Debug|Any CPU.Build.0 = Debug|Any CPU
		{FB9002D3-4A13-4C10-B041-3F2C142FCB7F}.Release|Any CPU.ActiveCfg = Release|Any CPU
		{FB9002D3-4A13-4C10-B041-3F2C142FCB7F}.Release|Any CPU.Build.0 = Release|Any CPU
	EndGlobalSection
	GlobalSection(SolutionProperties) = preSolution
		HideSolutionNode = FALSE
	EndGlobalSection
	GlobalSection(ExtensibilityGlobals) = postSolution
		SolutionGuid = {14A1E73F-6C65-413B-9263-E070202044CE}
	EndGlobalSection
EndGlobal
